
Microsoft Visual Studio Solution File, Format Version 12.00
# Visual Studio 15
VisualStudioVersion = 15.0.28010.2036
MinimumVisualStudioVersion = 10.0.40219.1
Project("{FAE04EC0-301F-11D3-BF4B-00C04F79EFBC}") = "shopi_phone", "shopi_phone\shopi_phone.csproj", "{EFB2E06F-FC08-4DE0-9C79-18654DBA454F}"
EndProject
Global
	GlobalSection(SolutionConfigurationPlatforms) = preSolution
		Debug|Any CPU = Debug|Any CPU
		Release|Any CPU = Release|Any CPU
	EndGlobalSection
	GlobalSection(ProjectConfigurationPlatforms) = postSolution
		{EFB2E06F-FC08-4DE0-9C79-18654DBA454F}.Debug|Any CPU.ActiveCfg = Debug|Any CPU
		{EFB2E06F-FC08-4DE0-9C79-18654DBA454F}.Debug|Any CPU.Build.0 = Debug|Any CPU
		{EFB2E06F-FC08-4DE0-9C79-18654DBA454F}.Release|Any CPU.ActiveCfg = Release|Any CPU
		{EFB2E06F-FC08-4DE0-9C79-18654DBA454F}.Release|Any CPU.Build.0 = Release|Any CPU
	EndGlobalSection
	GlobalSection(SolutionProperties) = preSolution
		HideSolutionNode = FALSE
	EndGlobalSection
	GlobalSection(ExtensibilityGlobals) = postSolution
		SolutionGuid = {F176CD2B-EF4D-4F5F-8C09-1561D212643F}
	EndGlobalSection
EndGlobal
